
Microsoft Visual Studio Solution File, Format Version 12.00
# Visual Studio 15
VisualStudioVersion = 15.0.27703.2042
MinimumVisualStudioVersion = 10.0.40219.1
Project("{FAE04EC0-301F-11D3-BF4B-00C04F79EFBC}") = "Homework1", "Homework1\Homework1.csproj", "{26349C12-F674-497F-AC43-6C88BE687796}"
EndProject
Global
	GlobalSection(SolutionConfigurationPlatforms) = preSolution
		Debug|Any CPU = Debug|Any CPU
		Release|Any CPU = Release|Any CPU
	EndGlobalSection
	GlobalSection(ProjectConfigurationPlatforms) = postSolution
		{26349C12-F674-497F-AC43-6C88BE687796}.Debug|Any CPU.ActiveCfg = Debug|Any CPU
		{26349C12-F674-497F-AC43-6C88BE687796}.Debug|Any CPU.Build.0 = Debug|Any CPU
		{26349C12-F674-497F-AC43-6C88BE687796}.Release|Any CPU.ActiveCfg = Release|Any CPU
		{26349C12-F674-497F-AC43-6C88BE687796}.Release|Any CPU.Build.0 = Release|Any CPU
	EndGlobalSection
	GlobalSection(SolutionProperties) = preSolution
		HideSolutionNode = FALSE
	EndGlobalSection
	GlobalSection(ExtensibilityGlobals) = postSolution
		SolutionGuid = {60FA0B64-3D44-4312-BB64-40B43C68CDD2}
	EndGlobalSection
EndGlobal
