
Microsoft Visual Studio Solution File, Format Version 12.00
# Visual Studio 15
VisualStudioVersion = 15.0.28010.2003
MinimumVisualStudioVersion = 10.0.40219.1
Project("{FAE04EC0-301F-11D3-BF4B-00C04F79EFBC}") = "program1", "program1\program1.csproj", "{62BBF014-7CA1-46D6-A7DC-5B93EF1D9823}"
EndProject
Project("{FAE04EC0-301F-11D3-BF4B-00C04F79EFBC}") = "addorder", "addorder\addorder.csproj", "{17440FF6-8FEB-4912-B1C7-3FD818688166}"
EndProject
Global
	GlobalSection(SolutionConfigurationPlatforms) = preSolution
		Debug|Any CPU = Debug|Any CPU
		Release|Any CPU = Release|Any CPU
	EndGlobalSection
	GlobalSection(ProjectConfigurationPlatforms) = postSolution
		{62BBF014-7CA1-46D6-A7DC-5B93EF1D9823}.Debug|Any CPU.ActiveCfg = Debug|Any CPU
		{62BBF014-7CA1-46D6-A7DC-5B93EF1D9823}.Debug|Any CPU.Build.0 = Debug|Any CPU
		{62BBF014-7CA1-46D6-A7DC-5B93EF1D9823}.Release|Any CPU.ActiveCfg = Release|Any CPU
		{62BBF014-7CA1-46D6-A7DC-5B93EF1D9823}.Release|Any CPU.Build.0 = Release|Any CPU
		{17440FF6-8FEB-4912-B1C7-3FD818688166}.Debug|Any CPU.ActiveCfg = Debug|Any CPU
		{17440FF6-8FEB-4912-B1C7-3FD818688166}.Debug|Any CPU.Build.0 = Debug|Any CPU
		{17440FF6-8FEB-4912-B1C7-3FD818688166}.Release|Any CPU.ActiveCfg = Release|Any CPU
		{17440FF6-8FEB-4912-B1C7-3FD818688166}.Release|Any CPU.Build.0 = Release|Any CPU
	EndGlobalSection
	GlobalSection(SolutionProperties) = preSolution
		HideSolutionNode = FALSE
	EndGlobalSection
	GlobalSection(ExtensibilityGlobals) = postSolution
		SolutionGuid = {0C961F0A-93F0-48F6-B400-6FCBB602C72E}
	EndGlobalSection
EndGlobal
